
Microsoft Visual Studio Solution File, Format Version 12.00
# Visual Studio 14
VisualStudioVersion = 14.0.25420.1
MinimumVisualStudioVersion = 10.0.40219.1
Project("{FAE04EC0-301F-11D3-BF4B-00C04F79EFBC}") = "DataAnalysis", "DataAnalysis\DataAnalysis.csproj", "{2837F451-C7BE-4D01-99BC-E848D8F7BA12}"
EndProject
Project("{FAE04EC0-301F-11D3-BF4B-00C04F79EFBC}") = "DataAnalysis.Test", "DataAnalysis.Test\DataAnalysis.Test.csproj", "{8B83A408-C984-42B7-96FD-8B30ADB49881}"
EndProject
Global
	GlobalSection(SolutionConfigurationPlatforms) = preSolution
		Debug|Any CPU = Debug|Any CPU
		Release|Any CPU = Release|Any CPU
	EndGlobalSection
	GlobalSection(ProjectConfigurationPlatforms) = postSolution
		{2837F451-C7BE-4D01-99BC-E848D8F7BA12}.Debug|Any CPU.ActiveCfg = Debug|Any CPU
		{2837F451-C7BE-4D01-99BC-E848D8F7BA12}.Debug|Any CPU.Build.0 = Debug|Any CPU
		{2837F451-C7BE-4D01-99BC-E848D8F7BA12}.Release|Any CPU.ActiveCfg = Release|Any CPU
		{2837F451-C7BE-4D01-99BC-E848D8F7BA12}.Release|Any CPU.Build.0 = Release|Any CPU
		{8B83A408-C984-42B7-96FD-8B30ADB49881}.Debug|Any CPU.ActiveCfg = Debug|Any CPU
		{8B83A408-C984-42B7-96FD-8B30ADB49881}.Debug|Any CPU.Build.0 = Debug|Any CPU
		{8B83A408-C984-42B7-96FD-8B30ADB49881}.Release|Any CPU.ActiveCfg = Release|Any CPU
		{8B83A408-C984-42B7-96FD-8B30ADB49881}.Release|Any CPU.Build.0 = Release|Any CPU
	EndGlobalSection
	GlobalSection(SolutionProperties) = preSolution
		HideSolutionNode = FALSE
	EndGlobalSection
EndGlobal
